
Microsoft Visual Studio Solution File, Format Version 12.00
# Visual Studio Version 17
VisualStudioVersion = 17.5.33627.172
MinimumVisualStudioVersion = 10.0.40219.1
Project("{9A19103F-16F7-4668-BE54-9A1E7A4F7556}") = "HahnTestAppService.Web", "HahnTestAppService.Web\HahnTestAppService.Web.csproj", "{FDCFE55B-3B61-4EE3-9B92-738D69419B4B}"
EndProject
Project("{9A19103F-16F7-4668-BE54-9A1E7A4F7556}") = "HahnTestAppService.Domain", "HahnTestAppService.Domain\HahnTestAppService.Domain.csproj", "{4AA81164-36A9-4770-A964-828DB173B899}"
EndProject
Project("{9A19103F-16F7-4668-BE54-9A1E7A4F7556}") = "HahnTestAppService.Services", "HahnTestAppService.Services\HahnTestAppService.Services.csproj", "{AA7321F7-03A4-4A9F-BB29-9C88CEEFF98E}"
EndProject
Project("{9A19103F-16F7-4668-BE54-9A1E7A4F7556}") = "HahnTestAppService.Repository", "HahnTestAppService.Repository\HahnTestAppService.Repository.csproj", "{DB8AED7F-5FC6-4021-9EA2-D4B371D4A70A}"
EndProject
Project("{2150E333-8FDC-42A3-9474-1A3956D46DE8}") = "Core", "Core", "{E37F0D0B-7798-4ABF-B176-88DF2D24DA5E}"
EndProject
Project("{2150E333-8FDC-42A3-9474-1A3956D46DE8}") = "Infrastructure", "Infrastructure", "{FB1C67AE-C091-4051-AF3B-4D7AD6F1C9B1}"
EndProject
Project("{2150E333-8FDC-42A3-9474-1A3956D46DE8}") = "Web.API", "Web.API", "{07EAE3A5-C23B-4EDF-A64F-8C72EE951050}"
EndProject
Project("{FAE04EC0-301F-11D3-BF4B-00C04F79EFBC}") = "HahnTestAppService.Contracts", "HahnTestAppService.Contracts\HahnTestAppService.Contracts.csproj", "{66B5161C-11CD-431E-ABDE-C01C9D1CA9CA}"
EndProject
Project("{FAE04EC0-301F-11D3-BF4B-00C04F79EFBC}") = "HahnTestAppService.Database", "HahnTestAppService.Database\HahnTestAppService.Database.csproj", "{3BFD6F30-3532-40B8-96DD-BA3392B2F291}"
EndProject
Project("{FAE04EC0-301F-11D3-BF4B-00C04F79EFBC}") = "HahnTestAppService.DI", "HahnTestAppService.DI\HahnTestAppService.DI.csproj", "{095CC212-5819-47C1-B56C-76F73F11D807}"
EndProject
Project("{FAE04EC0-301F-11D3-BF4B-00C04F79EFBC}") = "HahnTestAppService.Tests", "HahnTestAppService.Tests\HahnTestAppService.Tests.csproj", "{A90BB8FD-0B2F-4D1C-B356-C3CCAC4EB251}"
EndProject
Global
	GlobalSection(SolutionConfigurationPlatforms) = preSolution
		Debug|Any CPU = Debug|Any CPU
		Release|Any CPU = Release|Any CPU
	EndGlobalSection
	GlobalSection(ProjectConfigurationPlatforms) = postSolution
		{FDCFE55B-3B61-4EE3-9B92-738D69419B4B}.Debug|Any CPU.ActiveCfg = Debug|Any CPU
		{FDCFE55B-3B61-4EE3-9B92-738D69419B4B}.Debug|Any CPU.Build.0 = Debug|Any CPU
		{FDCFE55B-3B61-4EE3-9B92-738D69419B4B}.Release|Any CPU.ActiveCfg = Release|Any CPU
		{FDCFE55B-3B61-4EE3-9B92-738D69419B4B}.Release|Any CPU.Build.0 = Release|Any CPU
		{4AA81164-36A9-4770-A964-828DB173B899}.Debug|Any CPU.ActiveCfg = Debug|Any CPU
		{4AA81164-36A9-4770-A964-828DB173B899}.Debug|Any CPU.Build.0 = Debug|Any CPU
		{4AA81164-36A9-4770-A964-828DB173B899}.Release|Any CPU.ActiveCfg = Release|Any CPU
		{4AA81164-36A9-4770-A964-828DB173B899}.Release|Any CPU.Build.0 = Release|Any CPU
		{AA7321F7-03A4-4A9F-BB29-9C88CEEFF98E}.Debug|Any CPU.ActiveCfg = Debug|Any CPU
		{AA7321F7-03A4-4A9F-BB29-9C88CEEFF98E}.Debug|Any CPU.Build.0 = Debug|Any CPU
		{AA7321F7-03A4-4A9F-BB29-9C88CEEFF98E}.Release|Any CPU.ActiveCfg = Release|Any CPU
		{AA7321F7-03A4-4A9F-BB29-9C88CEEFF98E}.Release|Any CPU.Build.0 = Release|Any CPU
		{DB8AED7F-5FC6-4021-9EA2-D4B371D4A70A}.Debug|Any CPU.ActiveCfg = Debug|Any CPU
		{DB8AED7F-5FC6-4021-9EA2-D4B371D4A70A}.Debug|Any CPU.Build.0 = Debug|Any CPU
		{DB8AED7F-5FC6-4021-9EA2-D4B371D4A70A}.Release|Any CPU.ActiveCfg = Release|Any CPU
		{DB8AED7F-5FC6-4021-9EA2-D4B371D4A70A}.Release|Any CPU.Build.0 = Release|Any CPU
		{66B5161C-11CD-431E-ABDE-C01C9D1CA9CA}.Debug|Any CPU.ActiveCfg = Debug|Any CPU
		{66B5161C-11CD-431E-ABDE-C01C9D1CA9CA}.Debug|Any CPU.Build.0 = Debug|Any CPU
		{66B5161C-11CD-431E-ABDE-C01C9D1CA9CA}.Release|Any CPU.ActiveCfg = Release|Any CPU
		{66B5161C-11CD-431E-ABDE-C01C9D1CA9CA}.Release|Any CPU.Build.0 = Release|Any CPU
		{3BFD6F30-3532-40B8-96DD-BA3392B2F291}.Debug|Any CPU.ActiveCfg = Debug|Any CPU
		{3BFD6F30-3532-40B8-96DD-BA3392B2F291}.Debug|Any CPU.Build.0 = Debug|Any CPU
		{3BFD6F30-3532-40B8-96DD-BA3392B2F291}.Release|Any CPU.ActiveCfg = Release|Any CPU
		{3BFD6F30-3532-40B8-96DD-BA3392B2F291}.Release|Any CPU.Build.0 = Release|Any CPU
		{095CC212-5819-47C1-B56C-76F73F11D807}.Debug|Any CPU.ActiveCfg = Debug|Any CPU
		{095CC212-5819-47C1-B56C-76F73F11D807}.Debug|Any CPU.Build.0 = Debug|Any CPU
		{095CC212-5819-47C1-B56C-76F73F11D807}.Release|Any CPU.ActiveCfg = Release|Any CPU
		{095CC212-5819-47C1-B56C-76F73F11D807}.Release|Any CPU.Build.0 = Release|Any CPU
		{A90BB8FD-0B2F-4D1C-B356-C3CCAC4EB251}.Debug|Any CPU.ActiveCfg = Debug|Any CPU
		{A90BB8FD-0B2F-4D1C-B356-C3CCAC4EB251}.Debug|Any CPU.Build.0 = Debug|Any CPU
		{A90BB8FD-0B2F-4D1C-B356-C3CCAC4EB251}.Release|Any CPU.ActiveCfg = Release|Any CPU
		{A90BB8FD-0B2F-4D1C-B356-C3CCAC4EB251}.Release|Any CPU.Build.0 = Release|Any CPU
	EndGlobalSection
	GlobalSection(SolutionProperties) = preSolution
		HideSolutionNode = FALSE
	EndGlobalSection
	GlobalSection(NestedProjects) = preSolution
		{FDCFE55B-3B61-4EE3-9B92-738D69419B4B} = {07EAE3A5-C23B-4EDF-A64F-8C72EE951050}
		{4AA81164-36A9-4770-A964-828DB173B899} = {E37F0D0B-7798-4ABF-B176-88DF2D24DA5E}
		{AA7321F7-03A4-4A9F-BB29-9C88CEEFF98E} = {E37F0D0B-7798-4ABF-B176-88DF2D24DA5E}
		{DB8AED7F-5FC6-4021-9EA2-D4B371D4A70A} = {FB1C67AE-C091-4051-AF3B-4D7AD6F1C9B1}
		{66B5161C-11CD-431E-ABDE-C01C9D1CA9CA} = {E37F0D0B-7798-4ABF-B176-88DF2D24DA5E}
		{3BFD6F30-3532-40B8-96DD-BA3392B2F291} = {FB1C67AE-C091-4051-AF3B-4D7AD6F1C9B1}
		{095CC212-5819-47C1-B56C-76F73F11D807} = {07EAE3A5-C23B-4EDF-A64F-8C72EE951050}
		{A90BB8FD-0B2F-4D1C-B356-C3CCAC4EB251} = {07EAE3A5-C23B-4EDF-A64F-8C72EE951050}
	EndGlobalSection
	GlobalSection(ExtensibilityGlobals) = postSolution
		SolutionGuid = {D8CC9FC1-9393-46FD-83F6-6EF98E7C68FA}
	EndGlobalSection
EndGlobal
